<?xml version="1.0" encoding="UTF-8" standalone="yes" ?>
<CodeBlocks_project_file>
	<FileVersion major="1" minor="6" />
	<Project>
		<Option title="sdl_gra1" />
		<Option pch_mode="2" />
		<Option compiler="gcc" />
		<Build>
			<Target title="Debug">
				<Option output="bin/Debug/sdl_gra1" prefix_auto="1" extension_auto="1" />
				<Option object_output="obj/Debug/" />
				<Option type="1" />
				<Option compiler="gcc" />
				<Option use_console_runner="0" />
				<Compiler>
					<Add option="-g" />
					<Add directory="C:/Program Files/CodeBlocks/MinGW/x86_64-w64-mingw32/include/SDL2" />
					<Add directory="../SDL_gra1" />
					<Add directory="include" />
				</Compiler>
			</Target>
			<Target title="Release">
				<Option output="bin/Release/sdl_gra1" prefix_auto="1" extension_auto="1" />
				<Option object_output="obj/Release/" />
				<Option type="1" />
				<Option compiler="gcc" />
				<Compiler>
					<Add option="-O2" />
					<Add directory="../SDL_gra1" />
					<Add directory="include" />
				</Compiler>
				<Linker>
					<Add option="-s" />
				</Linker>
			</Target>
		</Build>
		<Compiler>
			<Add option="-Wall" />
			<Add option="-fexceptions" />
		</Compiler>
		<Linker>
			<Add library="mingw32" />
			<Add library="SDL2main" />
			<Add library="SDL2" />
		</Linker>
		<Unit filename="changelog.md" />
		<Unit filename="include/CApp.h" />
		<Unit filename="include/CApp_OnCleanup.h" />
		<Unit filename="include/CApp_OnEvent.h" />
		<Unit filename="include/CApp_OnInit.h" />
		<Unit filename="include/CApp_OnLoop.h" />
		<Unit filename="include/CApp_OnRender.h" />
		<Unit filename="include/CSurface.h" />
		<Unit filename="include/Entity.h" />
		<Unit filename="include/Map.h" />
		<Unit filename="include/Npc.h" />
		<Unit filename="include/Player.h" />
		<Unit filename="include/color_definition.h" />
		<Unit filename="include/geometry.h" />
		<Unit filename="include/keys_handling.h" />
		<Unit filename="include/structs.h" />
		<Unit filename="src/CApp.cpp" />
		<Unit filename="src/CApp_OnCleanup.cpp" />
		<Unit filename="src/CApp_OnEvent.cpp" />
		<Unit filename="src/CApp_OnInit.cpp" />
		<Unit filename="src/CApp_OnLoop.cpp" />
		<Unit filename="src/CApp_OnRender.cpp" />
		<Unit filename="src/CSurface.cpp" />
		<Unit filename="src/Entity.cpp" />
		<Unit filename="src/Map.cpp" />
		<Unit filename="src/Npc.cpp" />
		<Unit filename="src/Player.cpp" />
		<Unit filename="src/geometry.cpp" />
		<Unit filename="src/keys_handling.cpp" />
		<Unit filename="todo.md" />
		<Extensions>
			<lib_finder disable_auto="1" />
		</Extensions>
	</Project>
</CodeBlocks_project_file>
